{
  "name": "6.mobx",
  "version": "1.0.0",
  "lockfileVersion": 1,
  "requires": true,
  "dependencies": {
    "mobx": {
      "version": "6.3.7",
      "resolved": "https://registry.npmjs.org/mobx/-/mobx-6.3.7.tgz",
      "integrity": "sha512-X7yU7eOEyxIBk4gjIi2UIilwdw48gXh0kcZ5ex3Rc+COJsJmJ4SNpf42uYea3aUqb1hedTv5xzJrq5Q55p0P5g=="
    }
  }
}
